
Microsoft Visual Studio Solution File, Format Version 12.00
# Visual Studio Version 17
VisualStudioVersion = 17.4.33122.133
MinimumVisualStudioVersion = 10.0.40219.1
Project("{FAE04EC0-301F-11D3-BF4B-00C04F79EFBC}") = "TH_W4_KEVENRYNALDIKUSUMA_0706022210029", "TH_W4_KEVENRYNALDIKUSUMA_0706022210029\TH_W4_KEVENRYNALDIKUSUMA_0706022210029.csproj", "{BC8A1C7E-2EC4-4CE8-AF9E-44B91FD9FC9F}"
EndProject
Global
	GlobalSection(SolutionConfigurationPlatforms) = preSolution
		Debug|Any CPU = Debug|Any CPU
		Release|Any CPU = Release|Any CPU
	EndGlobalSection
	GlobalSection(ProjectConfigurationPlatforms) = postSolution
		{BC8A1C7E-2EC4-4CE8-AF9E-44B91FD9FC9F}.Debug|Any CPU.ActiveCfg = Debug|Any CPU
		{BC8A1C7E-2EC4-4CE8-AF9E-44B91FD9FC9F}.Debug|Any CPU.Build.0 = Debug|Any CPU
		{BC8A1C7E-2EC4-4CE8-AF9E-44B91FD9FC9F}.Release|Any CPU.ActiveCfg = Release|Any CPU
		{BC8A1C7E-2EC4-4CE8-AF9E-44B91FD9FC9F}.Release|Any CPU.Build.0 = Release|Any CPU
	EndGlobalSection
	GlobalSection(SolutionProperties) = preSolution
		HideSolutionNode = FALSE
	EndGlobalSection
	GlobalSection(ExtensibilityGlobals) = postSolution
		SolutionGuid = {D5DED062-2963-46EE-8357-7FE8B6884893}
	EndGlobalSection
EndGlobal
